
Microsoft Visual Studio Solution File, Format Version 12.00
# Visual Studio Version 16
VisualStudioVersion = 16.0.29709.97
MinimumVisualStudioVersion = 10.0.40219.1
Project("{FAE04EC0-301F-11D3-BF4B-00C04F79EFBC}") = "PresentDelivery", "PresentDelivery\PresentDelivery.csproj", "{34EB7E6C-9949-4F36-BC9A-D38F62283044}"
EndProject
Global
	GlobalSection(SolutionConfigurationPlatforms) = preSolution
		Debug|Any CPU = Debug|Any CPU
		Release|Any CPU = Release|Any CPU
	EndGlobalSection
	GlobalSection(ProjectConfigurationPlatforms) = postSolution
		{34EB7E6C-9949-4F36-BC9A-D38F62283044}.Debug|Any CPU.ActiveCfg = Debug|Any CPU
		{34EB7E6C-9949-4F36-BC9A-D38F62283044}.Debug|Any CPU.Build.0 = Debug|Any CPU
		{34EB7E6C-9949-4F36-BC9A-D38F62283044}.Release|Any CPU.ActiveCfg = Release|Any CPU
		{34EB7E6C-9949-4F36-BC9A-D38F62283044}.Release|Any CPU.Build.0 = Release|Any CPU
	EndGlobalSection
	GlobalSection(SolutionProperties) = preSolution
		HideSolutionNode = FALSE
	EndGlobalSection
	GlobalSection(ExtensibilityGlobals) = postSolution
		SolutionGuid = {9E19B5C9-9107-4F6F-9F7F-CB852621E521}
	EndGlobalSection
EndGlobal
