
Microsoft Visual Studio Solution File, Format Version 12.00
# Visual Studio Version 16
VisualStudioVersion = 16.0.29709.97
MinimumVisualStudioVersion = 10.0.40219.1
Project("{9A19103F-16F7-4668-BE54-9A1E7A4F7556}") = "Repository", "..\03. Repository_Скелет\Repository\Repository.csproj", "{92DDF121-E92F-4931-81B7-805F76A5438C}"
EndProject
Global
	GlobalSection(SolutionConfigurationPlatforms) = preSolution
		Debug|Any CPU = Debug|Any CPU
		Release|Any CPU = Release|Any CPU
	EndGlobalSection
	GlobalSection(ProjectConfigurationPlatforms) = postSolution
		{92DDF121-E92F-4931-81B7-805F76A5438C}.Debug|Any CPU.ActiveCfg = Debug|Any CPU
		{92DDF121-E92F-4931-81B7-805F76A5438C}.Debug|Any CPU.Build.0 = Debug|Any CPU
		{92DDF121-E92F-4931-81B7-805F76A5438C}.Release|Any CPU.ActiveCfg = Release|Any CPU
		{92DDF121-E92F-4931-81B7-805F76A5438C}.Release|Any CPU.Build.0 = Release|Any CPU
	EndGlobalSection
	GlobalSection(SolutionProperties) = preSolution
		HideSolutionNode = FALSE
	EndGlobalSection
	GlobalSection(ExtensibilityGlobals) = postSolution
		SolutionGuid = {B1E6D60A-3B1C-47B3-85FB-1D59BCC1ED05}
	EndGlobalSection
EndGlobal
