
Microsoft Visual Studio Solution File, Format Version 12.00
# Visual Studio Version 16
VisualStudioVersion = 16.0.29709.97
MinimumVisualStudioVersion = 10.0.40219.1
Project("{FAE04EC0-301F-11D3-BF4B-00C04F79EFBC}") = "Speed Racing", "Speed Racing\Speed Racing.csproj", "{DBBBA877-0CAA-456E-B508-B0FC7D49D565}"
EndProject
Global
	GlobalSection(SolutionConfigurationPlatforms) = preSolution
		Debug|Any CPU = Debug|Any CPU
		Release|Any CPU = Release|Any CPU
	EndGlobalSection
	GlobalSection(ProjectConfigurationPlatforms) = postSolution
		{DBBBA877-0CAA-456E-B508-B0FC7D49D565}.Debug|Any CPU.ActiveCfg = Debug|Any CPU
		{DBBBA877-0CAA-456E-B508-B0FC7D49D565}.Debug|Any CPU.Build.0 = Debug|Any CPU
		{DBBBA877-0CAA-456E-B508-B0FC7D49D565}.Release|Any CPU.ActiveCfg = Release|Any CPU
		{DBBBA877-0CAA-456E-B508-B0FC7D49D565}.Release|Any CPU.Build.0 = Release|Any CPU
	EndGlobalSection
	GlobalSection(SolutionProperties) = preSolution
		HideSolutionNode = FALSE
	EndGlobalSection
	GlobalSection(ExtensibilityGlobals) = postSolution
		SolutionGuid = {A019253F-3C51-4C23-B722-2A1505851A27}
	EndGlobalSection
EndGlobal
