
Microsoft Visual Studio Solution File, Format Version 12.00
# Visual Studio Version 16
VisualStudioVersion = 16.0.29728.190
MinimumVisualStudioVersion = 10.0.40219.1
Project("{FAE04EC0-301F-11D3-BF4B-00C04F79EFBC}") = "Santa's Present Factory", "Santa's Present Factory\Santa's Present Factory.csproj", "{5407152A-236A-4CD2-A062-5B31BCC73CF5}"
EndProject
Global
	GlobalSection(SolutionConfigurationPlatforms) = preSolution
		Debug|Any CPU = Debug|Any CPU
		Release|Any CPU = Release|Any CPU
	EndGlobalSection
	GlobalSection(ProjectConfigurationPlatforms) = postSolution
		{5407152A-236A-4CD2-A062-5B31BCC73CF5}.Debug|Any CPU.ActiveCfg = Debug|Any CPU
		{5407152A-236A-4CD2-A062-5B31BCC73CF5}.Debug|Any CPU.Build.0 = Debug|Any CPU
		{5407152A-236A-4CD2-A062-5B31BCC73CF5}.Release|Any CPU.ActiveCfg = Release|Any CPU
		{5407152A-236A-4CD2-A062-5B31BCC73CF5}.Release|Any CPU.Build.0 = Release|Any CPU
	EndGlobalSection
	GlobalSection(SolutionProperties) = preSolution
		HideSolutionNode = FALSE
	EndGlobalSection
	GlobalSection(ExtensibilityGlobals) = postSolution
		SolutionGuid = {6F9A943A-7F0D-4C1D-800D-465842C046A4}
	EndGlobalSection
EndGlobal
