
Microsoft Visual Studio Solution File, Format Version 12.00
# Visual Studio Version 16
VisualStudioVersion = 16.0.29709.97
MinimumVisualStudioVersion = 10.0.40219.1
Project("{FAE04EC0-301F-11D3-BF4B-00C04F79EFBC}") = "Opinion Poll", "Opinion Poll\Opinion Poll.csproj", "{357D2EC5-D40A-43F0-994D-16149C6401F0}"
EndProject
Global
	GlobalSection(SolutionConfigurationPlatforms) = preSolution
		Debug|Any CPU = Debug|Any CPU
		Release|Any CPU = Release|Any CPU
	EndGlobalSection
	GlobalSection(ProjectConfigurationPlatforms) = postSolution
		{357D2EC5-D40A-43F0-994D-16149C6401F0}.Debug|Any CPU.ActiveCfg = Debug|Any CPU
		{357D2EC5-D40A-43F0-994D-16149C6401F0}.Debug|Any CPU.Build.0 = Debug|Any CPU
		{357D2EC5-D40A-43F0-994D-16149C6401F0}.Release|Any CPU.ActiveCfg = Release|Any CPU
		{357D2EC5-D40A-43F0-994D-16149C6401F0}.Release|Any CPU.Build.0 = Release|Any CPU
	EndGlobalSection
	GlobalSection(SolutionProperties) = preSolution
		HideSolutionNode = FALSE
	EndGlobalSection
	GlobalSection(ExtensibilityGlobals) = postSolution
		SolutionGuid = {C962BC73-BADF-42C2-BAD6-1E0E61363771}
	EndGlobalSection
EndGlobal
